
Microsoft Visual Studio Solution File, Format Version 12.00
# Visual Studio 2013
VisualStudioVersion = 12.0.40629.0
MinimumVisualStudioVersion = 10.0.40219.1
Project("{FAE04EC0-301F-11D3-BF4B-00C04F79EFBC}") = "Pinpad.Sdk", "Pinpad.Sdk\Pinpad.Sdk.csproj", "{9A69F5E7-6B6B-4BD0-81CB-7F4D59C8290E}"
EndProject
Project("{FAE04EC0-301F-11D3-BF4B-00C04F79EFBC}") = "Pinpad.Sdk.Model", "Pinpad.Sdk.Model\Pinpad.Sdk.Model.csproj", "{8DEB5A99-825B-4631-B84C-C2C06BF28C2E}"
EndProject
Project("{FAE04EC0-301F-11D3-BF4B-00C04F79EFBC}") = "Pinpad.Sdk.Test", "Pinpad.Sdk.Test\Pinpad.Sdk.Test.csproj", "{966FCAB4-3C78-4F93-A653-790DB64B6723}"
EndProject
Project("{FAE04EC0-301F-11D3-BF4B-00C04F79EFBC}") = "Pinpad.Core", "Pinpad.Core\Pinpad.Core.csproj", "{479287C0-69A0-4E9F-B90F-A8690781FF40}"
EndProject
Global
	GlobalSection(SolutionConfigurationPlatforms) = preSolution
		DEBUG_DEV|Any CPU = DEBUG_DEV|Any CPU
		DEBUG_PROD|Any CPU = DEBUG_PROD|Any CPU
		Debug|Any CPU = Debug|Any CPU
		HardDebug|Any CPU = HardDebug|Any CPU
		Release|Any CPU = Release|Any CPU
	EndGlobalSection
	GlobalSection(ProjectConfigurationPlatforms) = postSolution
		{9A69F5E7-6B6B-4BD0-81CB-7F4D59C8290E}.DEBUG_DEV|Any CPU.ActiveCfg = DEBUG_DEV|Any CPU
		{9A69F5E7-6B6B-4BD0-81CB-7F4D59C8290E}.DEBUG_DEV|Any CPU.Build.0 = DEBUG_DEV|Any CPU
		{9A69F5E7-6B6B-4BD0-81CB-7F4D59C8290E}.DEBUG_PROD|Any CPU.ActiveCfg = DEBUG_PROD|Any CPU
		{9A69F5E7-6B6B-4BD0-81CB-7F4D59C8290E}.DEBUG_PROD|Any CPU.Build.0 = DEBUG_PROD|Any CPU
		{9A69F5E7-6B6B-4BD0-81CB-7F4D59C8290E}.Debug|Any CPU.ActiveCfg = Debug|Any CPU
		{9A69F5E7-6B6B-4BD0-81CB-7F4D59C8290E}.Debug|Any CPU.Build.0 = Debug|Any CPU
		{9A69F5E7-6B6B-4BD0-81CB-7F4D59C8290E}.HardDebug|Any CPU.ActiveCfg = HardDebug|Any CPU
		{9A69F5E7-6B6B-4BD0-81CB-7F4D59C8290E}.HardDebug|Any CPU.Build.0 = HardDebug|Any CPU
		{9A69F5E7-6B6B-4BD0-81CB-7F4D59C8290E}.Release|Any CPU.ActiveCfg = Release|Any CPU
		{9A69F5E7-6B6B-4BD0-81CB-7F4D59C8290E}.Release|Any CPU.Build.0 = Release|Any CPU
		{8DEB5A99-825B-4631-B84C-C2C06BF28C2E}.DEBUG_DEV|Any CPU.ActiveCfg = Debug|Any CPU
		{8DEB5A99-825B-4631-B84C-C2C06BF28C2E}.DEBUG_DEV|Any CPU.Build.0 = Debug|Any CPU
		{8DEB5A99-825B-4631-B84C-C2C06BF28C2E}.DEBUG_PROD|Any CPU.ActiveCfg = Debug|Any CPU
		{8DEB5A99-825B-4631-B84C-C2C06BF28C2E}.DEBUG_PROD|Any CPU.Build.0 = Debug|Any CPU
		{8DEB5A99-825B-4631-B84C-C2C06BF28C2E}.Debug|Any CPU.ActiveCfg = Debug|Any CPU
		{8DEB5A99-825B-4631-B84C-C2C06BF28C2E}.Debug|Any CPU.Build.0 = Debug|Any CPU
		{8DEB5A99-825B-4631-B84C-C2C06BF28C2E}.HardDebug|Any CPU.ActiveCfg = HardDebug|Any CPU
		{8DEB5A99-825B-4631-B84C-C2C06BF28C2E}.HardDebug|Any CPU.Build.0 = HardDebug|Any CPU
		{8DEB5A99-825B-4631-B84C-C2C06BF28C2E}.Release|Any CPU.ActiveCfg = Release|Any CPU
		{8DEB5A99-825B-4631-B84C-C2C06BF28C2E}.Release|Any CPU.Build.0 = Release|Any CPU
		{966FCAB4-3C78-4F93-A653-790DB64B6723}.DEBUG_DEV|Any CPU.ActiveCfg = DEBUG_DEV|Any CPU
		{966FCAB4-3C78-4F93-A653-790DB64B6723}.DEBUG_DEV|Any CPU.Build.0 = DEBUG_DEV|Any CPU
		{966FCAB4-3C78-4F93-A653-790DB64B6723}.DEBUG_PROD|Any CPU.ActiveCfg = DEBUG_PROD|Any CPU
		{966FCAB4-3C78-4F93-A653-790DB64B6723}.DEBUG_PROD|Any CPU.Build.0 = DEBUG_PROD|Any CPU
		{966FCAB4-3C78-4F93-A653-790DB64B6723}.Debug|Any CPU.ActiveCfg = Debug|Any CPU
		{966FCAB4-3C78-4F93-A653-790DB64B6723}.Debug|Any CPU.Build.0 = Debug|Any CPU
		{966FCAB4-3C78-4F93-A653-790DB64B6723}.HardDebug|Any CPU.ActiveCfg = HardDebug|Any CPU
		{966FCAB4-3C78-4F93-A653-790DB64B6723}.HardDebug|Any CPU.Build.0 = HardDebug|Any CPU
		{966FCAB4-3C78-4F93-A653-790DB64B6723}.Release|Any CPU.ActiveCfg = Release|Any CPU
		{966FCAB4-3C78-4F93-A653-790DB64B6723}.Release|Any CPU.Build.0 = Release|Any CPU
		{479287C0-69A0-4E9F-B90F-A8690781FF40}.DEBUG_DEV|Any CPU.ActiveCfg = Debug|Any CPU
		{479287C0-69A0-4E9F-B90F-A8690781FF40}.DEBUG_DEV|Any CPU.Build.0 = Debug|Any CPU
		{479287C0-69A0-4E9F-B90F-A8690781FF40}.DEBUG_PROD|Any CPU.ActiveCfg = Debug|Any CPU
		{479287C0-69A0-4E9F-B90F-A8690781FF40}.DEBUG_PROD|Any CPU.Build.0 = Debug|Any CPU
		{479287C0-69A0-4E9F-B90F-A8690781FF40}.Debug|Any CPU.ActiveCfg = Debug|Any CPU
		{479287C0-69A0-4E9F-B90F-A8690781FF40}.Debug|Any CPU.Build.0 = Debug|Any CPU
		{479287C0-69A0-4E9F-B90F-A8690781FF40}.HardDebug|Any CPU.ActiveCfg = Debug|Any CPU
		{479287C0-69A0-4E9F-B90F-A8690781FF40}.HardDebug|Any CPU.Build.0 = Debug|Any CPU
		{479287C0-69A0-4E9F-B90F-A8690781FF40}.Release|Any CPU.ActiveCfg = Release|Any CPU
		{479287C0-69A0-4E9F-B90F-A8690781FF40}.Release|Any CPU.Build.0 = Release|Any CPU
	EndGlobalSection
	GlobalSection(SolutionProperties) = preSolution
		HideSolutionNode = FALSE
	EndGlobalSection
EndGlobal
